
Microsoft Visual Studio Solution File, Format Version 12.00
# Visual Studio Version 16
VisualStudioVersion = 16.0.808.3
MinimumVisualStudioVersion = 10.0.40219.1
Project("{FAE04EC0-301F-11D3-BF4B-00C04F79EFBC}") = "Investments", "Investments.csproj", "{DEDCFD71-F776-492B-8CE5-0CAB351C550E}"
EndProject
Global
	GlobalSection(SolutionConfigurationPlatforms) = preSolution
		Debug|Any CPU = Debug|Any CPU
		Release|Any CPU = Release|Any CPU
	EndGlobalSection
	GlobalSection(ProjectConfigurationPlatforms) = postSolution
		{DEDCFD71-F776-492B-8CE5-0CAB351C550E}.Debug|Any CPU.ActiveCfg = Debug|Any CPU
		{DEDCFD71-F776-492B-8CE5-0CAB351C550E}.Debug|Any CPU.Build.0 = Debug|Any CPU
		{DEDCFD71-F776-492B-8CE5-0CAB351C550E}.Release|Any CPU.ActiveCfg = Release|Any CPU
		{DEDCFD71-F776-492B-8CE5-0CAB351C550E}.Release|Any CPU.Build.0 = Release|Any CPU
	EndGlobalSection
	GlobalSection(SolutionProperties) = preSolution
		HideSolutionNode = FALSE
	EndGlobalSection
	GlobalSection(ExtensibilityGlobals) = postSolution
		SolutionGuid = {90FA412B-DDC6-4565-939E-280D6ED8FABC}
	EndGlobalSection
EndGlobal
